
Microsoft Visual Studio Solution File, Format Version 12.00
# Visual Studio Version 17
VisualStudioVersion = 17.0.31710.8
MinimumVisualStudioVersion = 10.0.40219.1
Project("{9A19103F-16F7-4668-BE54-9A1E7A4F7556}") = "Aluma.API", "Aluma.API\Aluma.API.csproj", "{1BEEA169-AC28-444C-A20F-19C528DC1A92}"
EndProject
Project("{9A19103F-16F7-4668-BE54-9A1E7A4F7556}") = "Aluma.UnitTests", "Aluma.UnitTests\Aluma.UnitTests.csproj", "{F51C71B9-6D7E-4DD3-9DFE-521E9B96B9F7}"
EndProject
Project("{9A19103F-16F7-4668-BE54-9A1E7A4F7556}") = "DataService", "DataService\DataService.csproj", "{8B4AE591-884D-48A4-9C4A-3ED366450EA9}"
EndProject
Project("{9A19103F-16F7-4668-BE54-9A1E7A4F7556}") = "BankValidationService", "BankValidationService\BankValidationService.csproj", "{A80DBB6A-5045-459A-BCBB-1846A087AF6A}"
EndProject
Project("{9A19103F-16F7-4668-BE54-9A1E7A4F7556}") = "JwtService", "JwtService\JwtService.csproj", "{21661A6A-D4C9-4ADE-8852-D1A5B5E95B5E}"
EndProject
Project("{9A19103F-16F7-4668-BE54-9A1E7A4F7556}") = "KycService", "KycService\KycService.csproj", "{C8288F7A-CCE6-4884-AC19-FCFCDB812922}"
EndProject
Project("{9A19103F-16F7-4668-BE54-9A1E7A4F7556}") = "SignatureService", "SignatureService\SignatureService.csproj", "{2566017E-2D22-4165-80D5-5B9DE208FB70}"
EndProject
Project("{9A19103F-16F7-4668-BE54-9A1E7A4F7556}") = "SMSService", "SMSService\SMSService.csproj", "{D5C7CA68-55A8-429F-9470-93D754A3FAB2}"
EndProject
Project("{9A19103F-16F7-4668-BE54-9A1E7A4F7556}") = "FileStorageService", "FileStorageService\FileStorageService.csproj", "{22F8EFD5-49B1-49D6-978E-A3F216A6E5F2}"
EndProject
Project("{FAE04EC0-301F-11D3-BF4B-00C04F79EFBC}") = "IDVService", "IDVService\IDVService.csproj", "{D852DEF2-864A-4586-AB1C-3311B60B364F}"
EndProject
Global
	GlobalSection(SolutionConfigurationPlatforms) = preSolution
		Debug|Any CPU = Debug|Any CPU
		Release|Any CPU = Release|Any CPU
	EndGlobalSection
	GlobalSection(ProjectConfigurationPlatforms) = postSolution
		{1BEEA169-AC28-444C-A20F-19C528DC1A92}.Debug|Any CPU.ActiveCfg = Debug|Any CPU
		{1BEEA169-AC28-444C-A20F-19C528DC1A92}.Debug|Any CPU.Build.0 = Debug|Any CPU
		{1BEEA169-AC28-444C-A20F-19C528DC1A92}.Release|Any CPU.ActiveCfg = Release|Any CPU
		{1BEEA169-AC28-444C-A20F-19C528DC1A92}.Release|Any CPU.Build.0 = Release|Any CPU
		{F51C71B9-6D7E-4DD3-9DFE-521E9B96B9F7}.Debug|Any CPU.ActiveCfg = Debug|Any CPU
		{F51C71B9-6D7E-4DD3-9DFE-521E9B96B9F7}.Debug|Any CPU.Build.0 = Debug|Any CPU
		{F51C71B9-6D7E-4DD3-9DFE-521E9B96B9F7}.Release|Any CPU.ActiveCfg = Release|Any CPU
		{F51C71B9-6D7E-4DD3-9DFE-521E9B96B9F7}.Release|Any CPU.Build.0 = Release|Any CPU
		{8B4AE591-884D-48A4-9C4A-3ED366450EA9}.Debug|Any CPU.ActiveCfg = Debug|Any CPU
		{8B4AE591-884D-48A4-9C4A-3ED366450EA9}.Debug|Any CPU.Build.0 = Debug|Any CPU
		{8B4AE591-884D-48A4-9C4A-3ED366450EA9}.Release|Any CPU.ActiveCfg = Release|Any CPU
		{8B4AE591-884D-48A4-9C4A-3ED366450EA9}.Release|Any CPU.Build.0 = Release|Any CPU
		{A80DBB6A-5045-459A-BCBB-1846A087AF6A}.Debug|Any CPU.ActiveCfg = Debug|Any CPU
		{A80DBB6A-5045-459A-BCBB-1846A087AF6A}.Debug|Any CPU.Build.0 = Debug|Any CPU
		{A80DBB6A-5045-459A-BCBB-1846A087AF6A}.Release|Any CPU.ActiveCfg = Release|Any CPU
		{A80DBB6A-5045-459A-BCBB-1846A087AF6A}.Release|Any CPU.Build.0 = Release|Any CPU
		{21661A6A-D4C9-4ADE-8852-D1A5B5E95B5E}.Debug|Any CPU.ActiveCfg = Debug|Any CPU
		{21661A6A-D4C9-4ADE-8852-D1A5B5E95B5E}.Debug|Any CPU.Build.0 = Debug|Any CPU
		{21661A6A-D4C9-4ADE-8852-D1A5B5E95B5E}.Release|Any CPU.ActiveCfg = Release|Any CPU
		{21661A6A-D4C9-4ADE-8852-D1A5B5E95B5E}.Release|Any CPU.Build.0 = Release|Any CPU
		{C8288F7A-CCE6-4884-AC19-FCFCDB812922}.Debug|Any CPU.ActiveCfg = Debug|Any CPU
		{C8288F7A-CCE6-4884-AC19-FCFCDB812922}.Debug|Any CPU.Build.0 = Debug|Any CPU
		{C8288F7A-CCE6-4884-AC19-FCFCDB812922}.Release|Any CPU.ActiveCfg = Release|Any CPU
		{C8288F7A-CCE6-4884-AC19-FCFCDB812922}.Release|Any CPU.Build.0 = Release|Any CPU
		{2566017E-2D22-4165-80D5-5B9DE208FB70}.Debug|Any CPU.ActiveCfg = Debug|Any CPU
		{2566017E-2D22-4165-80D5-5B9DE208FB70}.Debug|Any CPU.Build.0 = Debug|Any CPU
		{2566017E-2D22-4165-80D5-5B9DE208FB70}.Release|Any CPU.ActiveCfg = Release|Any CPU
		{2566017E-2D22-4165-80D5-5B9DE208FB70}.Release|Any CPU.Build.0 = Release|Any CPU
		{D5C7CA68-55A8-429F-9470-93D754A3FAB2}.Debug|Any CPU.ActiveCfg = Debug|Any CPU
		{D5C7CA68-55A8-429F-9470-93D754A3FAB2}.Debug|Any CPU.Build.0 = Debug|Any CPU
		{D5C7CA68-55A8-429F-9470-93D754A3FAB2}.Release|Any CPU.ActiveCfg = Release|Any CPU
		{D5C7CA68-55A8-429F-9470-93D754A3FAB2}.Release|Any CPU.Build.0 = Release|Any CPU
		{22F8EFD5-49B1-49D6-978E-A3F216A6E5F2}.Debug|Any CPU.ActiveCfg = Debug|Any CPU
		{22F8EFD5-49B1-49D6-978E-A3F216A6E5F2}.Debug|Any CPU.Build.0 = Debug|Any CPU
		{22F8EFD5-49B1-49D6-978E-A3F216A6E5F2}.Release|Any CPU.ActiveCfg = Release|Any CPU
		{22F8EFD5-49B1-49D6-978E-A3F216A6E5F2}.Release|Any CPU.Build.0 = Release|Any CPU
		{D852DEF2-864A-4586-AB1C-3311B60B364F}.Debug|Any CPU.ActiveCfg = Debug|Any CPU
		{D852DEF2-864A-4586-AB1C-3311B60B364F}.Debug|Any CPU.Build.0 = Debug|Any CPU
		{D852DEF2-864A-4586-AB1C-3311B60B364F}.Release|Any CPU.ActiveCfg = Release|Any CPU
		{D852DEF2-864A-4586-AB1C-3311B60B364F}.Release|Any CPU.Build.0 = Release|Any CPU
	EndGlobalSection
	GlobalSection(SolutionProperties) = preSolution
		HideSolutionNode = FALSE
	EndGlobalSection
	GlobalSection(ExtensibilityGlobals) = postSolution
		SolutionGuid = {B0710545-23A8-4152-B0BF-7DE4F7C2DC86}
	EndGlobalSection
EndGlobal
